
Microsoft Visual Studio Solution File, Format Version 12.00
# Visual Studio Version 17
VisualStudioVersion = 17.10.35013.160
MinimumVisualStudioVersion = 10.0.40219.1
Project("{FAE04EC0-301F-11D3-BF4B-00C04F79EFBC}") = "MyLittleRazorUI", "MyLittleRazorUI\MyLittleRazorUI.csproj", "{97637E82-0273-4675-8BFB-F44492B55566}"
EndProject
Global
	GlobalSection(SolutionConfigurationPlatforms) = preSolution
		Debug|Any CPU = Debug|Any CPU
		Release|Any CPU = Release|Any CPU
	EndGlobalSection
	GlobalSection(ProjectConfigurationPlatforms) = postSolution
		{97637E82-0273-4675-8BFB-F44492B55566}.Debug|Any CPU.ActiveCfg = Debug|Any CPU
		{97637E82-0273-4675-8BFB-F44492B55566}.Debug|Any CPU.Build.0 = Debug|Any CPU
		{97637E82-0273-4675-8BFB-F44492B55566}.Release|Any CPU.ActiveCfg = Release|Any CPU
		{97637E82-0273-4675-8BFB-F44492B55566}.Release|Any CPU.Build.0 = Release|Any CPU
	EndGlobalSection
	GlobalSection(SolutionProperties) = preSolution
		HideSolutionNode = FALSE
	EndGlobalSection
	GlobalSection(ExtensibilityGlobals) = postSolution
		SolutionGuid = {ABFCD209-674B-4015-A749-770AB9F22DF6}
	EndGlobalSection
EndGlobal
